# Создано operations/scripts/generate_python_lock.py из requirements/anomaly.txt.
# Платформа: linux x86_64, CPython 3.13. Правится только пересозданием.
# Установка: pip install --require-hashes --no-deps --no-build-isolation -r <этот файл>
psycopg==3.3.5 \
    --hash=sha256:ce5aa5cdb4f9379f00f487590e5890bfa7df9a164648c969ffa628505e21af4e
psycopg-binary==3.3.5 \
    --hash=sha256:cb3b3bffebfe07110730626e76238161124f35ac87b748d663316a28d22f58b0
