# Создано operations/scripts/generate_python_lock.py из requirements/collector.txt.
# Платформа: linux x86_64, CPython 3.13. Правится только пересозданием.
# Установка: pip install --require-hashes --no-deps --no-build-isolation -r <этот файл>
anyio==4.15.1 \
    --hash=sha256:6152fdbbf9a77fdec97731721bebf7c4c44f7c29b424b0065826173efc7ed101
beautifulsoup4==4.13.4 \
    --hash=sha256:9bbbb14bfde9d79f38b8cd5f8c7c85f4b8f2523190ebed90e950a8dea4cb1c4b
certifi==2026.7.22 \
    --hash=sha256:62f22742b58a1a33014a2b6b706588a8d7e2a88ae7bd1a6ebe8c992928483775
h11==0.16.0 \
    --hash=sha256:63cf8bbe7522de3bf65932fda1d9c2772064ffb3dae62d55932da54b31cb6c86
httpcore==1.0.9 \
    --hash=sha256:2d400746a40668fc9dec9810239072b40b4484b640a8c38fd654a024c7a1bf55
httpx==0.28.1 \
    --hash=sha256:d909fcccc110f8c7faf814ca82a9a4d816bc5a6dbfea25d6591d6985b8ba59ad
idna==3.20 \
    --hash=sha256:ab7ae7122974553370f0bdb919e1a960b2cd1bc1ef0276416d896db81c14582c
lxml==6.1.0 \
    --hash=sha256:37fabd1452852636cf38ecdcc9dd5ca4bba7a35d6c53fa09725deeb894a87491
psycopg==3.3.5 \
    --hash=sha256:ce5aa5cdb4f9379f00f487590e5890bfa7df9a164648c969ffa628505e21af4e
psycopg-binary==3.3.5 \
    --hash=sha256:cb3b3bffebfe07110730626e76238161124f35ac87b748d663316a28d22f58b0
psycopg-pool==3.3.2 \
    --hash=sha256:96971f245eee54f1632d8eaae0de5bb6e9c624c1effdd42d8d6843e534f56e07
pyaes==1.6.1 \
    --hash=sha256:02c1b1405c38d3c370b085fb952dd8bea3fadcee6411ad99f312cc129c536d8f
pyasn1==0.6.4 \
    --hash=sha256:deda9277cfd454080ec40b207fb6df82206a3a2688735233cdcd8d3d565f088b
python-dotenv==1.2.3 \
    --hash=sha256:904552145e8bfed22162c09dab1c2b9b54fefa7b23ba780f4f26ca0316b0f0d9
rsa==4.9.1 \
    --hash=sha256:68635866661c6836b8d39430f97a996acbd61bfa49406748ea243539fe239762
setuptools==80.9.0 \
    --hash=sha256:062d34222ad13e0cc312a4c02d73f059e86a4acbfbdea8f8f76b28c99f306922
soupsieve==2.9.2 \
    --hash=sha256:8089a26fd974ca7a1f30276d3d8492ab266ab15af581642dfe8aa162e0c1c823
telethon==1.40.0 \
    --hash=sha256:1aebaca04fd8410968816645bdbcc0baeff55429b6d6bec37e647417bb8e8a2c
typing-extensions==4.16.0 \
    --hash=sha256:481caa481374e813c1b176ada14e97f1f67a4539ce9cfeb3f350d78d6370c2e8
wheel==0.46.2 \
    --hash=sha256:33ae60725d69eaa249bc1982e739943c23b34b58d51f1cb6253453773aca6e65
